Microsoft Visual Studio Solution File, Format Version 12.00
# Visual Studio Version 17
VisualStudioVersion = 17.5.2.0
MinimumVisualStudioVersion = 10.0.40219.1
Project("{FAE04EC0-301F-11D3-BF4B-00C04F79EFBC}") = "SistemaVeiculoDBFirst", "SistemaVeiculoDBFirst.csproj", "{985D36CC-55F0-1F79-560D-801531096A14}"
EndProject
Global
	GlobalSection(SolutionConfigurationPlatforms) = preSolution
		Debug|Any CPU = Debug|Any CPU
		Release|Any CPU = Release|Any CPU
	EndGlobalSection
	GlobalSection(ProjectConfigurationPlatforms) = postSolution
		{985D36CC-55F0-1F79-560D-801531096A14}.Debug|Any CPU.ActiveCfg = Debug|Any CPU
		{985D36CC-55F0-1F79-560D-801531096A14}.Debug|Any CPU.Build.0 = Debug|Any CPU
		{985D36CC-55F0-1F79-560D-801531096A14}.Release|Any CPU.ActiveCfg = Release|Any CPU
		{985D36CC-55F0-1F79-560D-801531096A14}.Release|Any CPU.Build.0 = Release|Any CPU
	EndGlobalSection
	GlobalSection(SolutionProperties) = preSolution
		HideSolutionNode = FALSE
	EndGlobalSection
	GlobalSection(ExtensibilityGlobals) = postSolution
		SolutionGuid = {90E5CAB0-52C8-419A-87C9-FB798D33358A}
	EndGlobalSection
EndGlobal
