Microsoft Visual Studio Solution File, Format Version 12.00
# Visual Studio Version 17
VisualStudioVersion = 17.5.2.0
MinimumVisualStudioVersion = 10.0.40219.1
Project("{FAE04EC0-301F-11D3-BF4B-00C04F79EFBC}") = "SistemaCursoDBFirst", "SistemaCursoDBFirst.csproj", "{B273778D-323F-6D06-8398-7124569BA013}"
EndProject
Global
	GlobalSection(SolutionConfigurationPlatforms) = preSolution
		Debug|Any CPU = Debug|Any CPU
		Release|Any CPU = Release|Any CPU
	EndGlobalSection
	GlobalSection(ProjectConfigurationPlatforms) = postSolution
		{B273778D-323F-6D06-8398-7124569BA013}.Debug|Any CPU.ActiveCfg = Debug|Any CPU
		{B273778D-323F-6D06-8398-7124569BA013}.Debug|Any CPU.Build.0 = Debug|Any CPU
		{B273778D-323F-6D06-8398-7124569BA013}.Release|Any CPU.ActiveCfg = Release|Any CPU
		{B273778D-323F-6D06-8398-7124569BA013}.Release|Any CPU.Build.0 = Release|Any CPU
	EndGlobalSection
	GlobalSection(SolutionProperties) = preSolution
		HideSolutionNode = FALSE
	EndGlobalSection
	GlobalSection(ExtensibilityGlobals) = postSolution
		SolutionGuid = {23FDDA5A-F9FB-4E6A-80B1-FC4367E305B5}
	EndGlobalSection
EndGlobal
