Microsoft Visual Studio Solution File, Format Version 12.00
# Visual Studio Version 17
VisualStudioVersion = 17.5.2.0
MinimumVisualStudioVersion = 10.0.40219.1
Project("{FAE04EC0-301F-11D3-BF4B-00C04F79EFBC}") = "Exercicio_SistemaCursos", "Exercicio_SistemaCursos.csproj", "{11F280CE-9083-56E4-60F9-1D358116EB15}"
EndProject
Global
	GlobalSection(SolutionConfigurationPlatforms) = preSolution
		Debug|Any CPU = Debug|Any CPU
		Release|Any CPU = Release|Any CPU
	EndGlobalSection
	GlobalSection(ProjectConfigurationPlatforms) = postSolution
		{11F280CE-9083-56E4-60F9-1D358116EB15}.Debug|Any CPU.ActiveCfg = Debug|Any CPU
		{11F280CE-9083-56E4-60F9-1D358116EB15}.Debug|Any CPU.Build.0 = Debug|Any CPU
		{11F280CE-9083-56E4-60F9-1D358116EB15}.Release|Any CPU.ActiveCfg = Release|Any CPU
		{11F280CE-9083-56E4-60F9-1D358116EB15}.Release|Any CPU.Build.0 = Release|Any CPU
	EndGlobalSection
	GlobalSection(SolutionProperties) = preSolution
		HideSolutionNode = FALSE
	EndGlobalSection
	GlobalSection(ExtensibilityGlobals) = postSolution
		SolutionGuid = {BF61D3D1-EFEA-4612-AE3B-3AB317C550DD}
	EndGlobalSection
EndGlobal
