Microsoft Visual Studio Solution File, Format Version 12.00
# Visual Studio Version 17
VisualStudioVersion = 17.5.2.0
MinimumVisualStudioVersion = 10.0.40219.1
Project("{FAE04EC0-301F-11D3-BF4B-00C04F79EFBC}") = "Ponteiro", "Ponteiro.csproj", "{4D3F46CD-509B-3851-2B45-896C4AB999AE}"
EndProject
Global
	GlobalSection(SolutionConfigurationPlatforms) = preSolution
		Debug|Any CPU = Debug|Any CPU
		Release|Any CPU = Release|Any CPU
	EndGlobalSection
	GlobalSection(ProjectConfigurationPlatforms) = postSolution
		{4D3F46CD-509B-3851-2B45-896C4AB999AE}.Debug|Any CPU.ActiveCfg = Debug|Any CPU
		{4D3F46CD-509B-3851-2B45-896C4AB999AE}.Debug|Any CPU.Build.0 = Debug|Any CPU
		{4D3F46CD-509B-3851-2B45-896C4AB999AE}.Release|Any CPU.ActiveCfg = Release|Any CPU
		{4D3F46CD-509B-3851-2B45-896C4AB999AE}.Release|Any CPU.Build.0 = Release|Any CPU
	EndGlobalSection
	GlobalSection(SolutionProperties) = preSolution
		HideSolutionNode = FALSE
	EndGlobalSection
	GlobalSection(ExtensibilityGlobals) = postSolution
		SolutionGuid = {4AACDC72-5359-4E5A-B355-5FC8A59DA566}
	EndGlobalSection
EndGlobal
