Microsoft Visual Studio Solution File, Format Version 12.00
# Visual Studio Version 17
VisualStudioVersion = 17.5.2.0
MinimumVisualStudioVersion = 10.0.40219.1
Project("{FAE04EC0-301F-11D3-BF4B-00C04F79EFBC}") = "SistemaAnimalDBFirst", "SistemaAnimalDBFirst.csproj", "{3F4ED36E-37D4-92FA-30CC-059B57A639D7}"
EndProject
Global
	GlobalSection(SolutionConfigurationPlatforms) = preSolution
		Debug|Any CPU = Debug|Any CPU
		Release|Any CPU = Release|Any CPU
	EndGlobalSection
	GlobalSection(ProjectConfigurationPlatforms) = postSolution
		{3F4ED36E-37D4-92FA-30CC-059B57A639D7}.Debug|Any CPU.ActiveCfg = Debug|Any CPU
		{3F4ED36E-37D4-92FA-30CC-059B57A639D7}.Debug|Any CPU.Build.0 = Debug|Any CPU
		{3F4ED36E-37D4-92FA-30CC-059B57A639D7}.Release|Any CPU.ActiveCfg = Release|Any CPU
		{3F4ED36E-37D4-92FA-30CC-059B57A639D7}.Release|Any CPU.Build.0 = Release|Any CPU
	EndGlobalSection
	GlobalSection(SolutionProperties) = preSolution
		HideSolutionNode = FALSE
	EndGlobalSection
	GlobalSection(ExtensibilityGlobals) = postSolution
		SolutionGuid = {A5901F8C-135C-4514-AF2F-E2C06D3A41A3}
	EndGlobalSection
EndGlobal
